// !$*UTF8*$!
{
	archiveVersion = 1;
	classes = {
	};
	objectVersion = 56;
	objects = {

/* Begin PBXBuildFile section */
		4EB0BE832E24A1740094A1B8 /* FavoritesApp.swift in Sources */ = {isa = PBXBuildFile; fileRef = 4EB0BE822E24A1740094A1B8 /* FavoritesApp.swift */; };
		4EB0BE852E24A1740094A1B8 /* ContentView.swift in Sources */ = {isa = PBXBuildFile; fileRef = 4EB0BE842E24A1740094A1B8 /* ContentView.swift */; };
		4EB0BE872E24A1770094A1B8 /* Assets.xcassets in Resources */ = {isa = PBXBuildFile; fileRef = 4EB0BE862E24A1770094A1B8 /* Assets.xcassets */; };
		4EB0BE8A2E24A1770094A1B8 /* Preview Assets.xcassets in Resources */ = {isa = PBXBuildFile; fileRef = 4EB0BE892E24A1770094A1B8 /* Preview Assets.xcassets */; };
		4EB0BE942E24A1770094A1B8 /* FavoritesTests.swift in Sources */ = {isa = PBXBuildFile; fileRef = 4EB0BE932E24A1770094A1B8 /* FavoritesTests.swift */; };
		4EB0BE9E2E24A1770094A1B8 /* FavoritesUITests.swift in Sources */ = {isa = PBXBuildFile; fileRef = 4EB0BE9D2E24A1770094A1B8 /* FavoritesUITests.swift */; };
		4EB0BEA02E24A1770094A1B8 /* FavoritesUITestsLaunchTests.swift in Sources */ = {isa = PBXBuildFile; fileRef = 4EB0BE9F2E24A1770094A1B8 /* FavoritesUITestsLaunchTests.swift */; };
		4EB0BEB02E24A24F0094A1B8 /* HomeView.swift in Sources */ = {isa = PBXBuildFile; fileRef = 4EB0BEAF2E24A24F0094A1B8 /* HomeView.swift */; };
		4EB0BEB22E24A2780094A1B8 /* FavoritesView.swift in Sources */ = {isa = PBXBuildFile; fileRef = 4EB0BEB12E24A2780094A1B8 /* FavoritesView.swift */; };
		4EB0BEB52E24A2B10094A1B8 /* FavoritesViewModel.swift in Sources */ = {isa = PBXBuildFile; fileRef = 4EB0BEB42E24A2B10094A1B8 /* FavoritesViewModel.swift */; };
/* End PBXBuildFile section */

/* Begin PBXContainerItemProxy section */
		4EB0BE902E24A1770094A1B8 /* PBXContainerItemProxy */ = {
			isa = PBXContainerItemProxy;
			containerPortal = 4EB0BE772E24A1740094A1B8 /* Project object */;
			proxyType = 1;
			remoteGlobalIDString = 4EB0BE7E2E24A1740094A1B8;
			remoteInfo = Favorites;
		};
		4EB0BE9A2E24A1770094A1B8 /* PBXContainerItemProxy */ = {
			isa = PBXContainerItemProxy;
			containerPortal = 4EB0BE772E24A1740094A1B8 /* Project object */;
			proxyType = 1;
			remoteGlobalIDString = 4EB0BE7E2E24A1740094A1B8;
			remoteInfo = Favorites;
		};
/* End PBXContainerItemProxy section */

/* Begin PBXFileReference section */
		4EB0BE7F2E24A1740094A1B8 /* Favorites.app */ = {isa = PBXFileReference; explicitFileType = wrapper.application; includeInIndex = 0; path = Favorites.app; sourceTree = BUILT_PRODUCTS_DIR; };
		4EB0BE822E24A1740094A1B8 /* FavoritesApp.swift */ = {isa = PBXFileReference; lastKnownFileType = sourcecode.swift; path = FavoritesApp.swift; sourceTree = "<group>"; };
		4EB0BE842E24A1740094A1B8 /* ContentView.swift */ = {isa = PBXFileReference; lastKnownFileType = sourcecode.swift; path = ContentView.swift; sourceTree = "<group>"; };
		4EB0BE862E24A1770094A1B8 /* Assets.xcassets */ = {isa = PBXFileReference; lastKnownFileType = folder.assetcatalog; path = Assets.xcassets; sourceTree = "<group>"; };
		4EB0BE892E24A1770094A1B8 /* Preview Assets.xcassets */ = {isa = PBXFileReference; lastKnownFileType = folder.assetcatalog; path = "Preview Assets.xcassets"; sourceTree = "<group>"; };
		4EB0BE8F2E24A1770094A1B8 /* FavoritesTests.xctest */ = {isa = PBXFileReference; explicitFileType = wrapper.cfbundle; includeInIndex = 0; path = FavoritesTests.xctest; sourceTree = BUILT_PRODUCTS_DIR; };
		4EB0BE932E24A1770094A1B8 /* FavoritesTests.swift */ = {isa = PBXFileReference; lastKnownFileType = sourcecode.swift; path = FavoritesTests.swift; sourceTree = "<group>"; };
		4EB0BE992E24A1770094A1B8 /* FavoritesUITests.xctest */ = {isa = PBXFileReference; explicitFileType = wrapper.cfbundle; includeInIndex = 0; path = FavoritesUITests.xctest; sourceTree = BUILT_PRODUCTS_DIR; };
		4EB0BE9D2E24A1770094A1B8 /* FavoritesUITests.swift */ = {isa = PBXFileReference; lastKnownFileType = sourcecode.swift; path = FavoritesUITests.swift; sourceTree = "<group>"; };
		4EB0BE9F2E24A1770094A1B8 /* FavoritesUITestsLaunchTests.swift */ = {isa = PBXFileReference; lastKnownFileType = sourcecode.swift; path = FavoritesUITestsLaunchTests.swift; sourceTree = "<group>"; };
		4EB0BEAF2E24A24F0094A1B8 /* HomeView.swift */ = {isa = PBXFileReference; lastKnownFileType = sourcecode.swift; path = HomeView.swift; sourceTree = "<group>"; };
		4EB0BEB12E24A2780094A1B8 /* FavoritesView.swift */ = {isa = PBXFileReference; lastKnownFileType = sourcecode.swift; path = FavoritesView.swift; sourceTree = "<group>"; };
		4EB0BEB42E24A2B10094A1B8 /* FavoritesViewModel.swift */ = {isa = PBXFileReference; lastKnownFileType = sourcecode.swift; path = FavoritesViewModel.swift; sourceTree = "<group>"; };
/* End PBXFileReference section */

/* Begin PBXFrameworksBuildPhase section */
		4EB0BE7C2E24A1740094A1B8 /* Frameworks */ = {
			isa = PBXFrameworksBuildPhase;
			buildActionMask = 2147483647;
			files = (
			);
			runOnlyForDeploymentPostprocessing = 0;
		};
		4EB0BE8C2E24A1770094A1B8 /* Frameworks */ = {
			isa = PBXFrameworksBuildPhase;
			buildActionMask = 2147483647;
			files = (
			);
			runOnlyForDeploymentPostprocessing = 0;
		};
		4EB0BE962E24A1770094A1B8 /* Frameworks */ = {
			isa = PBXFrameworksBuildPhase;
			buildActionMask = 2147483647;
			files = (
			);
			runOnlyForDeploymentPostprocessing = 0;
		};
/* End PBXFrameworksBuildPhase section */

/* Begin PBXGroup section */
		4EB0BE762E24A1740094A1B8 = {
			isa = PBXGroup;
			children = (
				4EB0BE812E24A1740094A1B8 /* Favorites */,
				4EB0BE922E24A1770094A1B8 /* FavoritesTests */,
				4EB0BE9C2E24A1770094A1B8 /* FavoritesUITests */,
				4EB0BE802E24A1740094A1B8 /* Products */,
			);
			sourceTree = "<group>";
		};
		4EB0BE802E24A1740094A1B8 /* Products */ = {
			isa = PBXGroup;
			children = (
				4EB0BE7F2E24A1740094A1B8 /* Favorites.app */,
				4EB0BE8F2E24A1770094A1B8 /* FavoritesTests.xctest */,
				4EB0BE992E24A1770094A1B8 /* FavoritesUITests.xctest */,
			);
			name = Products;
			sourceTree = "<group>";
		};
		4EB0BE812E24A1740094A1B8 /* Favorites */ = {
			isa = PBXGroup;
			children = (
				4EB0BEB32E24A29B0094A1B8 /* ViewModels */,
				4EB0BEAE2E24A2270094A1B8 /* Views */,
				4EB0BE822E24A1740094A1B8 /* FavoritesApp.swift */,
				4EB0BE842E24A1740094A1B8 /* ContentView.swift */,
				4EB0BE862E24A1770094A1B8 /* Assets.xcassets */,
				4EB0BE882E24A1770094A1B8 /* Preview Content */,
			);
			path = Favorites;
			sourceTree = "<group>";
		};
		4EB0BE882E24A1770094A1B8 /* Preview Content */ = {
			isa = PBXGroup;
			children = (
				4EB0BE892E24A1770094A1B8 /* Preview Assets.xcassets */,
			);
			path = "Preview Content";
			sourceTree = "<group>";
		};
		4EB0BE922E24A1770094A1B8 /* FavoritesTests */ = {
			isa = PBXGroup;
			children = (
				4EB0BE932E24A1770094A1B8 /* FavoritesTests.swift */,
			);
			path = FavoritesTests;
			sourceTree = "<group>";
		};
		4EB0BE9C2E24A1770094A1B8 /* FavoritesUITests */ = {
			isa = PBXGroup;
			children = (
				4EB0BE9D2E24A1770094A1B8 /* FavoritesUITests.swift */,
				4EB0BE9F2E24A1770094A1B8 /* FavoritesUITestsLaunchTests.swift */,
			);
			path = FavoritesUITests;
			sourceTree = "<group>";
		};
		4EB0BEAE2E24A2270094A1B8 /* Views */ = {
			isa = PBXGroup;
			children = (
				4EB0BEAF2E24A24F0094A1B8 /* HomeView.swift */,
				4EB0BEB12E24A2780094A1B8 /* FavoritesView.swift */,
			);
			path = Views;
			sourceTree = "<group>";
		};
		4EB0BEB32E24A29B0094A1B8 /* ViewModels */ = {
			isa = PBXGroup;
			children = (
				4EB0BEB42E24A2B10094A1B8 /* FavoritesViewModel.swift */,
			);
			path = ViewModels;
			sourceTree = "<group>";
		};
/* End PBXGroup section */

/* Begin PBXNativeTarget section */
		4EB0BE7E2E24A1740094A1B8 /* Favorites */ = {
			isa = PBXNativeTarget;
			buildConfigurationList = 4EB0BEA32E24A1770094A1B8 /* Build configuration list for PBXNativeTarget "Favorites" */;
			buildPhases = (
				4EB0BE7B2E24A1740094A1B8 /* Sources */,
				4EB0BE7C2E24A1740094A1B8 /* Frameworks */,
				4EB0BE7D2E24A1740094A1B8 /* Resources */,
			);
			buildRules = (
			);
			dependencies = (
			);
			name = Favorites;
			productName = Favorites;
			productReference = 4EB0BE7F2E24A1740094A1B8 /* Favorites.app */;
			productType = "com.apple.product-type.application";
		};
		4EB0BE8E2E24A1770094A1B8 /* FavoritesTests */ = {
			isa = PBXNativeTarget;
			buildConfigurationList = 4EB0BEA62E24A1770094A1B8 /* Build configuration list for PBXNativeTarget "FavoritesTests" */;
			buildPhases = (
				4EB0BE8B2E24A1770094A1B8 /* Sources */,
				4EB0BE8C2E24A1770094A1B8 /* Frameworks */,
				4EB0BE8D2E24A1770094A1B8 /* Resources */,
			);
			buildRules = (
			);
			dependencies = (
				4EB0BE912E24A1770094A1B8 /* PBXTargetDependency */,
			);
			name = FavoritesTests;
			productName = FavoritesTests;
			productReference = 4EB0BE8F2E24A1770094A1B8 /* FavoritesTests.xctest */;
			productType = "com.apple.product-type.bundle.unit-test";
		};
		4EB0BE982E24A1770094A1B8 /* FavoritesUITests */ = {
			isa = PBXNativeTarget;
			buildConfigurationList = 4EB0BEA92E24A1770094A1B8 /* Build configuration list for PBXNativeTarget "FavoritesUITests" */;
			buildPhases = (
				4EB0BE952E24A1770094A1B8 /* Sources */,
				4EB0BE962E24A1770094A1B8 /* Frameworks */,
				4EB0BE972E24A1770094A1B8 /* Resources */,
			);
			buildRules = (
			);
			dependencies = (
				4EB0BE9B2E24A1770094A1B8 /* PBXTargetDependency */,
			);
			name = FavoritesUITests;
			productName = FavoritesUITests;
			productReference = 4EB0BE992E24A1770094A1B8 /* FavoritesUITests.xctest */;
			productType = "com.apple.product-type.bundle.ui-testing";
		};
/* End PBXNativeTarget section */

/* Begin PBXProject section */
		4EB0BE772E24A1740094A1B8 /* Project object */ = {
			isa = PBXProject;
			attributes = {
				BuildIndependentTargetsInParallel = 1;
				LastSwiftUpdateCheck = 1540;
				LastUpgradeCheck = 1540;
				TargetAttributes = {
					4EB0BE7E2E24A1740094A1B8 = {
						CreatedOnToolsVersion = 15.4;
					};
					4EB0BE8E2E24A1770094A1B8 = {
						CreatedOnToolsVersion = 15.4;
						TestTargetID = 4EB0BE7E2E24A1740094A1B8;
					};
					4EB0BE982E24A1770094A1B8 = {
						CreatedOnToolsVersion = 15.4;
						TestTargetID = 4EB0BE7E2E24A1740094A1B8;
					};
				};
			};
			buildConfigurationList = 4EB0BE7A2E24A1740094A1B8 /* Build configuration list for PBXProject "Favorites" */;
			compatibilityVersion = "Xcode 14.0";
			developmentRegion = en;
			hasScannedForEncodings = 0;
			knownRegions = (
				en,
				Base,
			);
			mainGroup = 4EB0BE762E24A1740094A1B8;
			productRefGroup = 4EB0BE802E24A1740094A1B8 /* Products */;
			projectDirPath = "";
			projectRoot = "";
			targets = (
				4EB0BE7E2E24A1740094A1B8 /* Favorites */,
				4EB0BE8E2E24A1770094A1B8 /* FavoritesTests */,
				4EB0BE982E24A1770094A1B8 /* FavoritesUITests */,
			);
		};
/* End PBXProject section */

/* Begin PBXResourcesBuildPhase section */
		4EB0BE7D2E24A1740094A1B8 /* Resources */ = {
			isa = PBXResourcesBuildPhase;
			buildActionMask = 2147483647;
			files = (
				4EB0BE8A2E24A1770094A1B8 /* Preview Assets.xcassets in Resources */,
				4EB0BE872E24A1770094A1B8 /* Assets.xcassets in Resources */,
			);
			runOnlyForDeploymentPostprocessing = 0;
		};
		4EB0BE8D2E24A1770094A1B8 /* Resources */ = {
			isa = PBXResourcesBuildPhase;
			buildActionMask = 2147483647;
			files = (
			);
			runOnlyForDeploymentPostprocessing = 0;
		};
		4EB0BE972E24A1770094A1B8 /* Resources */ = {
			isa = PBXResourcesBuildPhase;
			buildActionMask = 2147483647;
			files = (
			);
			runOnlyForDeploymentPostprocessing = 0;
		};
/* End PBXResourcesBuildPhase section */

/* Begin PBXSourcesBuildPhase section */
		4EB0BE7B2E24A1740094A1B8 /* Sources */ = {
			isa = PBXSourcesBuildPhase;
			buildActionMask = 2147483647;
			files = (
				4EB0BEB52E24A2B10094A1B8 /* FavoritesViewModel.swift in Sources */,
				4EB0BEB22E24A2780094A1B8 /* FavoritesView.swift in Sources */,
				4EB0BEB02E24A24F0094A1B8 /* HomeView.swift in Sources */,
				4EB0BE852E24A1740094A1B8 /* ContentView.swift in Sources */,
				4EB0BE832E24A1740094A1B8 /* FavoritesApp.swift in Sources */,
			);
			runOnlyForDeploymentPostprocessing = 0;
		};
		4EB0BE8B2E24A1770094A1B8 /* Sources */ = {
			isa = PBXSourcesBuildPhase;
			buildActionMask = 2147483647;
			files = (
				4EB0BE942E24A1770094A1B8 /* FavoritesTests.swift in Sources */,
			);
			runOnlyForDeploymentPostprocessing = 0;
		};
		4EB0BE952E24A1770094A1B8 /* Sources */ = {
			isa = PBXSourcesBuildPhase;
			buildActionMask = 2147483647;
			files = (
				4EB0BEA02E24A1770094A1B8 /* FavoritesUITestsLaunchTests.swift in Sources */,
				4EB0BE9E2E24A1770094A1B8 /* FavoritesUITests.swift in Sources */,
			);
			runOnlyForDeploymentPostprocessing = 0;
		};
/* End PBXSourcesBuildPhase section */

/* Begin PBXTargetDependency section */
		4EB0BE912E24A1770094A1B8 /* PBXTargetDependency */ = {
			isa = PBXTargetDependency;
			target = 4EB0BE7E2E24A1740094A1B8 /* Favorites */;
			targetProxy = 4EB0BE902E24A1770094A1B8 /* PBXContainerItemProxy */;
		};
		4EB0BE9B2E24A1770094A1B8 /* PBXTargetDependency */ = {
			isa = PBXTargetDependency;
			target = 4EB0BE7E2E24A1740094A1B8 /* Favorites */;
			targetProxy = 4EB0BE9A2E24A1770094A1B8 /* PBXContainerItemProxy */;
		};
/* End PBXTargetDependency section */

/* Begin XCBuildConfiguration section */
		4EB0BEA12E24A1770094A1B8 /* Debug */ = {
			isa = XCBuildConfiguration;
			buildSettings = {
				ALWAYS_SEARCH_USER_PATHS = NO;
				ASSETCATALOG_COMPILER_GENERATE_SWIFT_ASSET_SYMBOL_EXTENSIONS = YES;
				CLANG_ANALYZER_NONNULL = YES;
				CLANG_ANALYZER_NUMBER_OBJECT_CONVERSION = YES_AGGRESSIVE;
				CLANG_CXX_LANGUAGE_STANDARD = "gnu++20";
				CLANG_ENABLE_MODULES = YES;
				CLANG_ENABLE_OBJC_ARC = YES;
				CLANG_ENABLE_OBJC_WEAK = YES;
				CLANG_WARN_BLOCK_CAPTURE_AUTORELEASING = YES;
				CLANG_WARN_BOOL_CONVERSION = YES;
				CLANG_WARN_COMMA = YES;
				CLANG_WARN_CONSTANT_CONVERSION = YES;
				CLANG_WARN_DEPRECATED_OBJC_IMPLEMENTATIONS = YES;
				CLANG_WARN_DIRECT_OBJC_ISA_USAGE = YES_ERROR;
				CLANG_WARN_DOCUMENTATION_COMMENTS = YES;
				CLANG_WARN_EMPTY_BODY = YES;
				CLANG_WARN_ENUM_CONVERSION = YES;
				CLANG_WARN_INFINITE_RECURSION = YES;
				CLANG_WARN_INT_CONVERSION = YES;
				CLANG_WARN_NON_LITERAL_NULL_CONVERSION = YES;
				CLANG_WARN_OBJC_IMPLICIT_RETAIN_SELF = YES;
				CLANG_WARN_OBJC_LITERAL_CONVERSION = YES;
				CLANG_WARN_OBJC_ROOT_CLASS = YES_ERROR;
				CLANG_WARN_QUOTED_INCLUDE_IN_FRAMEWORK_HEADER = YES;
				CLANG_WARN_RANGE_LOOP_ANALYSIS = YES;
				CLANG_WARN_STRICT_PROTOTYPES = YES;
				CLANG_WARN_SUSPICIOUS_MOVE = YES;
				CLANG_WARN_UNGUARDED_AVAILABILITY = YES_AGGRESSIVE;
				CLANG_WARN_UNREACHABLE_CODE = YES;
				CLANG_WARN__DUPLICATE_METHOD_MATCH = YES;
				COPY_PHASE_STRIP = NO;
				DEBUG_INFORMATION_FORMAT = dwarf;
				ENABLE_STRICT_OBJC_MSGSEND = YES;
				ENABLE_TESTABILITY = YES;
				ENABLE_USER_SCRIPT_SANDBOXING = YES;
				GCC_C_LANGUAGE_STANDARD = gnu17;
				GCC_DYNAMIC_NO_PIC = NO;
				GCC_NO_COMMON_BLOCKS = YES;
				GCC_OPTIMIZATION_LEVEL = 0;
				GCC_PREPROCESSOR_DEFINITIONS = (
					"DEBUG=1",
					"$(inherited)",
				);
				GCC_WARN_64_TO_32_BIT_CONVERSION = YES;
				GCC_WARN_ABOUT_RETURN_TYPE = YES_ERROR;
				GCC_WARN_UNDECLARED_SELECTOR = YES;
				GCC_WARN_UNINITIALIZED_AUTOS = YES_AGGRESSIVE;
				GCC_WARN_UNUSED_FUNCTION = YES;
				GCC_WARN_UNUSED_VARIABLE = YES;
				IPHONEOS_DEPLOYMENT_TARGET = 17.5;
				LOCALIZATION_PREFERS_STRING_CATALOGS = YES;
				MTL_ENABLE_DEBUG_INFO = INCLUDE_SOURCE;
				MTL_FAST_MATH = YES;
				ONLY_ACTIVE_ARCH = YES;
				SDKROOT = iphoneos;
				SWIFT_ACTIVE_COMPILATION_CONDITIONS = "DEBUG $(inherited)";
				SWIFT_OPTIMIZATION_LEVEL = "-Onone";
			};
			name = Debug;
		};
		4EB0BEA22E24A1770094A1B8 /* Release */ = {
			isa = XCBuildConfiguration;
			buildSettings = {
				ALWAYS_SEARCH_USER_PATHS = NO;
				ASSETCATALOG_COMPILER_GENERATE_SWIFT_ASSET_SYMBOL_EXTENSIONS = YES;
				CLANG_ANALYZER_NONNULL = YES;
				CLANG_ANALYZER_NUMBER_OBJECT_CONVERSION = YES_AGGRESSIVE;
				CLANG_CXX_LANGUAGE_STANDARD = "gnu++20";
				CLANG_ENABLE_MODULES = YES;
				CLANG_ENABLE_OBJC_ARC = YES;
				CLANG_ENABLE_OBJC_WEAK = YES;
				CLANG_WARN_BLOCK_CAPTURE_AUTORELEASING = YES;
				CLANG_WARN_BOOL_CONVERSION = YES;
				CLANG_WARN_COMMA = YES;
				CLANG_WARN_CONSTANT_CONVERSION = YES;
				CLANG_WARN_DEPRECATED_OBJC_IMPLEMENTATIONS = YES;
				CLANG_WARN_DIRECT_OBJC_ISA_USAGE = YES_ERROR;
				CLANG_WARN_DOCUMENTATION_COMMENTS = YES;
				CLANG_WARN_EMPTY_BODY = YES;
				CLANG_WARN_ENUM_CONVERSION = YES;
				CLANG_WARN_INFINITE_RECURSION = YES;
				CLANG_WARN_INT_CONVERSION = YES;
				CLANG_WARN_NON_LITERAL_NULL_CONVERSION = YES;
				CLANG_WARN_OBJC_IMPLICIT_RETAIN_SELF = YES;
				CLANG_WARN_OBJC_LITERAL_CONVERSION = YES;
				CLANG_WARN_OBJC_ROOT_CLASS = YES_ERROR;
				CLANG_WARN_QUOTED_INCLUDE_IN_FRAMEWORK_HEADER = YES;
				CLANG_WARN_RANGE_LOOP_ANALYSIS = YES;
				CLANG_WARN_STRICT_PROTOTYPES = YES;
				CLANG_WARN_SUSPICIOUS_MOVE = YES;
				CLANG_WARN_UNGUARDED_AVAILABILITY = YES_AGGRESSIVE;
				CLANG_WARN_UNREACHABLE_CODE = YES;
				CLANG_WARN__DUPLICATE_METHOD_MATCH = YES;
				COPY_PHASE_STRIP = NO;
				DEBUG_INFORMATION_FORMAT = "dwarf-with-dsym";
				ENABLE_NS_ASSERTIONS = NO;
				ENABLE_STRICT_OBJC_MSGSEND = YES;
				ENABLE_USER_SCRIPT_SANDBOXING = YES;
				GCC_C_LANGUAGE_STANDARD = gnu17;
				GCC_NO_COMMON_BLOCKS = YES;
				GCC_WARN_64_TO_32_BIT_CONVERSION = YES;
				GCC_WARN_ABOUT_RETURN_TYPE = YES_ERROR;
				GCC_WARN_UNDECLARED_SELECTOR = YES;
				GCC_WARN_UNINITIALIZED_AUTOS = YES_AGGRESSIVE;
				GCC_WARN_UNUSED_FUNCTION = YES;
				GCC_WARN_UNUSED_VARIABLE = YES;
				IPHONEOS_DEPLOYMENT_TARGET = 17.5;
				LOCALIZATION_PREFERS_STRING_CATALOGS = YES;
				MTL_ENABLE_DEBUG_INFO = NO;
				MTL_FAST_MATH = YES;
				SDKROOT = iphoneos;
				SWIFT_COMPILATION_MODE = wholemodule;
				VALIDATE_PRODUCT = YES;
			};
			name = Release;
		};
		4EB0BEA42E24A1770094A1B8 /* Debug */ = {
			isa = XCBuildConfiguration;
			buildSettings = {
				ASSETCATALOG_COMPILER_APPICON_NAME = AppIcon;
				ASSETCATALOG_COMPILER_GLOBAL_ACCENT_COLOR_NAME = AccentColor;
				CODE_SIGN_STYLE = Automatic;
				CURRENT_PROJECT_VERSION = 1;
				DEVELOPMENT_ASSET_PATHS = "\"Favorites/Preview Content\"";
				ENABLE_PREVIEWS = YES;
				GENERATE_INFOPLIST_FILE = YES;
				INFOPLIST_KEY_UIApplicationSceneManifest_Generation = YES;
				INFOPLIST_KEY_UIApplicationSupportsIndirectInputEvents = YES;
				INFOPLIST_KEY_UILaunchScreen_Generation = YES;
				INFOPLIST_KEY_UISupportedInterfaceOrientations_iPad = "UIInterfaceOrientationPortrait UIInterfaceOrientationPortraitUpsideDown UIInterfaceOrientationLandscapeLeft UIInterfaceOrientationLandscapeRight";
				INFOPLIST_KEY_UISupportedInterfaceOrientations_iPhone = "UIInterfaceOrientationPortrait UIInterfaceOrientationLandscapeLeft UIInterfaceOrientationLandscapeRight";
				LD_RUNPATH_SEARCH_PATHS = (
					"$(inherited)",
					"@executable_path/Frameworks",
				);
				MARKETING_VERSION = 1.0;
				PRODUCT_BUNDLE_IDENTIFIER = meghanmurphy.Favorites;
				PRODUCT_NAME = "$(TARGET_NAME)";
				SWIFT_EMIT_LOC_STRINGS = YES;
				SWIFT_VERSION = 5.0;
				TARGETED_DEVICE_FAMILY = "1,2";
			};
			name = Debug;
		};
		4EB0BEA52E24A1770094A1B8 /* Release */ = {
			isa = XCBuildConfiguration;
			buildSettings = {
				ASSETCATALOG_COMPILER_APPICON_NAME = AppIcon;
				ASSETCATALOG_COMPILER_GLOBAL_ACCENT_COLOR_NAME = AccentColor;
				CODE_SIGN_STYLE = Automatic;
				CURRENT_PROJECT_VERSION = 1;
				DEVELOPMENT_ASSET_PATHS = "\"Favorites/Preview Content\"";
				ENABLE_PREVIEWS = YES;
				GENERATE_INFOPLIST_FILE = YES;
				INFOPLIST_KEY_UIApplicationSceneManifest_Generation = YES;
				INFOPLIST_KEY_UIApplicationSupportsIndirectInputEvents = YES;
				INFOPLIST_KEY_UILaunchScreen_Generation = YES;
				INFOPLIST_KEY_UISupportedInterfaceOrientations_iPad = "UIInterfaceOrientationPortrait UIInterfaceOrientationPortraitUpsideDown UIInterfaceOrientationLandscapeLeft UIInterfaceOrientationLandscapeRight";
				INFOPLIST_KEY_UISupportedInterfaceOrientations_iPhone = "UIInterfaceOrientationPortrait UIInterfaceOrientationLandscapeLeft UIInterfaceOrientationLandscapeRight";
				LD_RUNPATH_SEARCH_PATHS = (
					"$(inherited)",
					"@executable_path/Frameworks",
				);
				MARKETING_VERSION = 1.0;
				PRODUCT_BUNDLE_IDENTIFIER = meghanmurphy.Favorites;
				PRODUCT_NAME = "$(TARGET_NAME)";
				SWIFT_EMIT_LOC_STRINGS = YES;
				SWIFT_VERSION = 5.0;
				TARGETED_DEVICE_FAMILY = "1,2";
			};
			name = Release;
		};
		4EB0BEA72E24A1770094A1B8 /* Debug */ = {
			isa = XCBuildConfiguration;
			buildSettings = {
				ALWAYS_EMBED_SWIFT_STANDARD_LIBRARIES = YES;
				BUNDLE_LOADER = "$(TEST_HOST)";
				CODE_SIGN_STYLE = Automatic;
				CURRENT_PROJECT_VERSION = 1;
				GENERATE_INFOPLIST_FILE = YES;
				IPHONEOS_DEPLOYMENT_TARGET = 17.5;
				MARKETING_VERSION = 1.0;
				PRODUCT_BUNDLE_IDENTIFIER = meghanmurphy.FavoritesTests;
				PRODUCT_NAME = "$(TARGET_NAME)";
				SWIFT_EMIT_LOC_STRINGS = NO;
				SWIFT_VERSION = 5.0;
				TARGETED_DEVICE_FAMILY = "1,2";
				TEST_HOST = "$(BUILT_PRODUCTS_DIR)/Favorites.app/$(BUNDLE_EXECUTABLE_FOLDER_PATH)/Favorites";
			};
			name = Debug;
		};
		4EB0BEA82E24A1770094A1B8 /* Release */ = {
			isa = XCBuildConfiguration;
			buildSettings = {
				ALWAYS_EMBED_SWIFT_STANDARD_LIBRARIES = YES;
				BUNDLE_LOADER = "$(TEST_HOST)";
				CODE_SIGN_STYLE = Automatic;
				CURRENT_PROJECT_VERSION = 1;
				GENERATE_INFOPLIST_FILE = YES;
				IPHONEOS_DEPLOYMENT_TARGET = 17.5;
				MARKETING_VERSION = 1.0;
				PRODUCT_BUNDLE_IDENTIFIER = meghanmurphy.FavoritesTests;
				PRODUCT_NAME = "$(TARGET_NAME)";
				SWIFT_EMIT_LOC_STRINGS = NO;
				SWIFT_VERSION = 5.0;
				TARGETED_DEVICE_FAMILY = "1,2";
				TEST_HOST = "$(BUILT_PRODUCTS_DIR)/Favorites.app/$(BUNDLE_EXECUTABLE_FOLDER_PATH)/Favorites";
			};
			name = Release;
		};
		4EB0BEAA2E24A1770094A1B8 /* Debug */ = {
			isa = XCBuildConfiguration;
			buildSettings = {
				ALWAYS_EMBED_SWIFT_STANDARD_LIBRARIES = YES;
				CODE_SIGN_STYLE = Automatic;
				CURRENT_PROJECT_VERSION = 1;
				GENERATE_INFOPLIST_FILE = YES;
				MARKETING_VERSION = 1.0;
				PRODUCT_BUNDLE_IDENTIFIER = meghanmurphy.FavoritesUITests;
				PRODUCT_NAME = "$(TARGET_NAME)";
				SWIFT_EMIT_LOC_STRINGS = NO;
				SWIFT_VERSION = 5.0;
				TARGETED_DEVICE_FAMILY = "1,2";
				TEST_TARGET_NAME = Favorites;
			};
			name = Debug;
		};
		4EB0BEAB2E24A1770094A1B8 /* Release */ = {
			isa = XCBuildConfiguration;
			buildSettings = {
				ALWAYS_EMBED_SWIFT_STANDARD_LIBRARIES = YES;
				CODE_SIGN_STYLE = Automatic;
				CURRENT_PROJECT_VERSION = 1;
				GENERATE_INFOPLIST_FILE = YES;
				MARKETING_VERSION = 1.0;
				PRODUCT_BUNDLE_IDENTIFIER = meghanmurphy.FavoritesUITests;
				PRODUCT_NAME = "$(TARGET_NAME)";
				SWIFT_EMIT_LOC_STRINGS = NO;
				SWIFT_VERSION = 5.0;
				TARGETED_DEVICE_FAMILY = "1,2";
				TEST_TARGET_NAME = Favorites;
			};
			name = Release;
		};
/* End XCBuildConfiguration section */

/* Begin XCConfigurationList section */
		4EB0BE7A2E24A1740094A1B8 /* Build configuration list for PBXProject "Favorites" */ = {
			isa = XCConfigurationList;
			buildConfigurations = (
				4EB0BEA12E24A1770094A1B8 /* Debug */,
				4EB0BEA22E24A1770094A1B8 /* Release */,
			);
			defaultConfigurationIsVisible = 0;
			defaultConfigurationName = Release;
		};
		4EB0BEA32E24A1770094A1B8 /* Build configuration list for PBXNativeTarget "Favorites" */ = {
			isa = XCConfigurationList;
			buildConfigurations = (
				4EB0BEA42E24A1770094A1B8 /* Debug */,
				4EB0BEA52E24A1770094A1B8 /* Release */,
			);
			defaultConfigurationIsVisible = 0;
			defaultConfigurationName = Release;
		};
		4EB0BEA62E24A1770094A1B8 /* Build configuration list for PBXNativeTarget "FavoritesTests" */ = {
			isa = XCConfigurationList;
			buildConfigurations = (
				4EB0BEA72E24A1770094A1B8 /* Debug */,
				4EB0BEA82E24A1770094A1B8 /* Release */,
			);
			defaultConfigurationIsVisible = 0;
			defaultConfigurationName = Release;
		};
		4EB0BEA92E24A1770094A1B8 /* Build configuration list for PBXNativeTarget "FavoritesUITests" */ = {
			isa = XCConfigurationList;
			buildConfigurations = (
				4EB0BEAA2E24A1770094A1B8 /* Debug */,
				4EB0BEAB2E24A1770094A1B8 /* Release */,
			);
			defaultConfigurationIsVisible = 0;
			defaultConfigurationName = Release;
		};
/* End XCConfigurationList section */
	};
	rootObject = 4EB0BE772E24A1740094A1B8 /* Project object */;
}
